github.com/albertorestifo/dijkstra v0.0.0-20160910063646-aba76f725f72 h1:uGeGZl8PxSq8VZGG4QK5njJTFA4/G/x5CYORvQVXtAE=
github.com/albertorestifo/dijkstra v0.0.0-20160910063646-aba76f725f72/go.mod h1:o+JdB7VetTHjLhU0N57x18B9voDBQe0paApdEAEoEfw=
github.com/fzipp/astar v0.2.0 h1:vEmeszAm62kB02Qh/oXQNrVR8p6G00WAJIkVRJYzekc=
github.com/fzipp/astar v0.2.0/go.mod h1:1zYE8kcTMuS0g+b9Vh9lfR7t0MleOH6EneyA3esiLEc=
